<?xml version="1.0" encoding="utf-8"?>
<Project xmlns="http://schemas.microsoft.com/developer/msbuild/2003">
  <ItemGroup>
    <Filter Include="Form Files">
      <UniqueIdentifier>{99349809-55BA-4b9d-BF79-8FDBB0286EB3}</UniqueIdentifier>
      <Extensions>ui</Extensions>
      <ParseFiles>false</ParseFiles>
    </Filter>
    <Filter Include="Form Files">
      <UniqueIdentifier>{99349809-55BA-4b9d-BF79-8FDBB0286EB3}</UniqueIdentifier>
      <Extensions>ui</Extensions>
      <ParseFiles>false</ParseFiles>
    </Filter>
    <Filter Include="Generated Files">
      <UniqueIdentifier>{71ED8ED8-ACB9-4CE9-BBE1-E00B30144E11}</UniqueIdentifier>
      <Extensions>cpp;c;cxx;moc;h;def;odl;idl;res;</Extensions>
    </Filter>
    <Filter Include="Generated Files">
      <UniqueIdentifier>{71ED8ED8-ACB9-4CE9-BBE1-E00B30144E11}</UniqueIdentifier>
      <Extensions>cpp;c;cxx;moc;h;def;odl;idl;res;</Extensions>
    </Filter>
    <Filter Include="Header Files">
      <UniqueIdentifier>{93995380-89BD-4b04-88EB-625FBE52EBFB}</UniqueIdentifier>
      <Extensions>h;hpp;hxx;hm;inl;inc;xsd</Extensions>
    </Filter>
    <Filter Include="Header Files">
      <UniqueIdentifier>{93995380-89BD-4b04-88EB-625FBE52EBFB}</UniqueIdentifier>
      <Extensions>h;hpp;hxx;hm;inl;inc;xsd</Extensions>
    </Filter>
    <Filter Include="Source Files">
      <UniqueIdentifier>{4FC737F1-C7A5-4376-A066-2A32D752A2FF}</UniqueIdentifier>
      <Extensions>cpp;c;cxx;def;odl;idl;hpj;bat;asm;asmx</Extensions>
    </Filter>
    <Filter Include="Source Files">
      <UniqueIdentifier>{4FC737F1-C7A5-4376-A066-2A32D752A2FF}</UniqueIdentifier>
      <Extensions>cpp;c;cxx;def;odl;idl;hpj;bat;asm;asmx</Extensions>
    </Filter>
    <Filter Include="Distribution Files">
      <UniqueIdentifier>{B83CAF91-C7BF-462F-B76C-EA11631F866C}</UniqueIdentifier>
      <Extensions>*</Extensions>
      <ParseFiles>false</ParseFiles>
    </Filter>
    <Filter Include="Distribution Files">
      <UniqueIdentifier>{B83CAF91-C7BF-462F-B76C-EA11631F866C}</UniqueIdentifier>
      <Extensions>*</Extensions>
      <ParseFiles>false</ParseFiles>
    </Filter>
    <Filter Include="cuda_link">
      <UniqueIdentifier>{E0D8C965-CC5F-43d7-AD63-FAEF0BBC0F85}-cuda_link</UniqueIdentifier>
      <ParseFiles>false</ParseFiles>
    </Filter>
    <Filter Include="cuda_link">
      <UniqueIdentifier>{E0D8C965-CC5F-43d7-AD63-FAEF0BBC0F85}-cuda_link</UniqueIdentifier>
      <ParseFiles>false</ParseFiles>
    </Filter>
  </ItemGroup>
  <ItemGroup>
    <ClCompile Include="correlation_class.cpp">
      <Filter>Source Files</Filter>
    </ClCompile>
    <ClCompile Include="imageLabel.cpp">
      <Filter>Source Files</Filter>
    </ClCompile>
    <ClCompile Include="interpolation_class.cpp">
      <Filter>Source Files</Filter>
    </ClCompile>
    <ClCompile Include="main.cpp">
      <Filter>Source Files</Filter>
    </ClCompile>
    <ClCompile Include="mainapp.cpp">
      <Filter>Source Files</Filter>
    </ClCompile>
    <ClCompile Include="manager_class.cpp">
      <Filter>Source Files</Filter>
    </ClCompile>
    <ClCompile Include="model_class.cpp">
      <Filter>Source Files</Filter>
    </ClCompile>
    <ClCompile Include="parameters.cpp">
      <Filter>Source Files</Filter>
    </ClCompile>
    <ClCompile Include="subdi.cpp">
      <Filter>Source Files</Filter>
    </ClCompile>
    <ClCompile Include="pyramid_class.cpp">
      <Filter>Source Files</Filter>
    </ClCompile>
    <ClCompile Include="polygon_class.cpp">
      <Filter>Source Files</Filter>
    </ClCompile>
  </ItemGroup>
  <ItemGroup>
    <ClInclude Include="correlation_class.hpp">
      <Filter>Header Files</Filter>
    </ClInclude>
    <ClInclude Include="cuda_class.cuh">
      <Filter>Header Files</Filter>
    </ClInclude>
    <ClInclude Include="defines.hpp">
      <Filter>Header Files</Filter>
    </ClInclude>
    <ClInclude Include="enums.hpp">
      <Filter>Header Files</Filter>
    </ClInclude>
    <QtMoc Include="imageLabel.h">
      <Filter>Header Files</Filter>
    </QtMoc>
    <ClInclude Include="interpolation_class.hpp">
      <Filter>Header Files</Filter>
    </ClInclude>
    <ClInclude Include="kernels.cuh">
      <Filter>Header Files</Filter>
    </ClInclude>
    <QtMoc Include="mainapp.h">
      <Filter>Header Files</Filter>
    </QtMoc>
    <QtMoc Include="manager_class.h">
      <Filter>Header Files</Filter>
    </QtMoc>
    <ClInclude Include="model_class.hpp">
      <Filter>Header Files</Filter>
    </ClInclude>
    <ClInclude Include="parameters.hpp">
      <Filter>Header Files</Filter>
    </ClInclude>
    <QtMoc Include="subdi.h">
      <Filter>Header Files</Filter>
    </QtMoc>
    <ClInclude Include="pyramid_class.h">
      <Filter>Header Files</Filter>
    </ClInclude>
    <ClInclude Include="polygon_class.h">
      <Filter>Header Files</Filter>
    </ClInclude>
    <ClInclude Include="cuda_polygon.cuh">
      <Filter>Header Files</Filter>
    </ClInclude>
    <ClInclude Include="cuda_pyramid.cuh">
      <Filter>Header Files</Filter>
    </ClInclude>
  </ItemGroup>
  <ItemGroup>
    <CustomBuild Include="debug\moc_predefs.h.cbt">
      <Filter>Generated Files</Filter>
    </CustomBuild>
    <CustomBuild Include="release\moc_predefs.h.cbt">
      <Filter>Generated Files</Filter>
    </CustomBuild>
    <ClInclude Include="ui_mainapp.h">
      <Filter>Generated Files</Filter>
    </ClInclude>
  </ItemGroup>
  <ItemGroup>
    <QtUic Include="mainapp.ui">
      <Filter>Form Files</Filter>
    </QtUic>
  </ItemGroup>
  <ItemGroup>
    <CudaCompile Include="cuda_class.cu">
      <Filter>Source Files</Filter>
    </CudaCompile>
    <CudaCompile Include="kernels.cu">
      <Filter>Source Files</Filter>
    </CudaCompile>
    <CudaCompile Include="cuda_polygon.cu">
      <Filter>Source Files</Filter>
    </CudaCompile>
    <CudaCompile Include="cuda_pyramid.cu">
      <Filter>Source Files</Filter>
    </CudaCompile>
  </ItemGroup>
</Project>